// !$*UTF8*$!
{
	archiveVersion = 1;
	classes = {
	};
	objectVersion = 46;
	objects = {

/* Begin PBXBuildFile section */
		C8A587E91DA257FE0071D549 /* CallsVCBase.swift in Sources */ = {isa = PBXBuildFile; fileRef = C8A587E51DA257FE0071D549 /* CallsVCBase.swift */; };
		C8A587EA1DA257FE0071D549 /* CallsVC.swift in Sources */ = {isa = PBXBuildFile; fileRef = C8A587E61DA257FE0071D549 /* CallsVC.swift */; };
		C8A587EB1DA257FE0071D549 /* SettingsVCBase.swift in Sources */ = {isa = PBXBuildFile; fileRef = C8A587E71DA257FE0071D549 /* SettingsVCBase.swift */; };
		C8A587EC1DA257FE0071D549 /* SettingsVC.swift in Sources */ = {isa = PBXBuildFile; fileRef = C8A587E81DA257FE0071D549 /* SettingsVC.swift */; };
		C8A587EE1DA2586E0071D549 /* VideoVCBase.swift in Sources */ = {isa = PBXBuildFile; fileRef = C8A587ED1DA2586E0071D549 /* VideoVCBase.swift */; };
		C8A587F01DA258840071D549 /* VideoVC.swift in Sources */ = {isa = PBXBuildFile; fileRef = C8A587EF1DA258840071D549 /* VideoVC.swift */; };
		C8A587F21DA2593A0071D549 /* ChatVCBase.swift in Sources */ = {isa = PBXBuildFile; fileRef = C8A587F11DA2593A0071D549 /* ChatVCBase.swift */; };
		C8A587F41DA259480071D549 /* ChatVC.swift in Sources */ = {isa = PBXBuildFile; fileRef = C8A587F31DA259480071D549 /* ChatVC.swift */; };
		C8A587F61DA259980071D549 /* ContactsVCBase.swift in Sources */ = {isa = PBXBuildFile; fileRef = C8A587F51DA259980071D549 /* ContactsVCBase.swift */; };
		C8A587F81DA259AA0071D549 /* ContactsVC.swift in Sources */ = {isa = PBXBuildFile; fileRef = C8A587F71DA259AA0071D549 /* ContactsVC.swift */; };
		C8D130641D59EC7900FC9685 /* Settings.png in Resources */ = {isa = PBXBuildFile; fileRef = C8D130621D59EC7900FC9685 /* Settings.png */; };
		C8D5DDDC1D59F09100582B1E /* images.png in Resources */ = {isa = PBXBuildFile; fileRef = C8D5DDDB1D59F09100582B1E /* images.png */; };
		C8D5DDDF1D59F27000582B1E /* Call.png in Resources */ = {isa = PBXBuildFile; fileRef = C8D5DDDD1D59F27000582B1E /* Call.png */; };
		C8D5DDE41D59F97B00582B1E /* Chat.png in Resources */ = {isa = PBXBuildFile; fileRef = C8D5DDE11D59F97B00582B1E /* Chat.png */; };
		C8D5DDE51D59F97B00582B1E /* Contact.png in Resources */ = {isa = PBXBuildFile; fileRef = C8D5DDE21D59F97B00582B1E /* Contact.png */; };
		C8D5DDE61D59F97B00582B1E /* video.png in Resources */ = {isa = PBXBuildFile; fileRef = C8D5DDE31D59F97B00582B1E /* video.png */; };
		C8D5DDE81D59F9AD00582B1E /* Setting.png in Resources */ = {isa = PBXBuildFile; fileRef = C8D5DDE71D59F9AD00582B1E /* Setting.png */; };
		C8FB63A31D59050C009E3AFD /* CellView.swift in Sources */ = {isa = PBXBuildFile; fileRef = C8FB63A21D59050C009E3AFD /* CellView.swift */; };
		C8FEC6471D53708000525A0C /* AppDelegate.swift in Sources */ = {isa = PBXBuildFile; fileRef = C8FEC6461D53708000525A0C /* AppDelegate.swift */; };
		C8FEC6491D53708000525A0C /* ViewController.swift in Sources */ = {isa = PBXBuildFile; fileRef = C8FEC6481D53708000525A0C /* ViewController.swift */; };
		C8FEC64C1D53708000525A0C /* Main.storyboard in Resources */ = {isa = PBXBuildFile; fileRef = C8FEC64A1D53708000525A0C /* Main.storyboard */; };
		C8FEC64E1D53708000525A0C /* Assets.xcassets in Resources */ = {isa = PBXBuildFile; fileRef = C8FEC64D1D53708000525A0C /* Assets.xcassets */; };
		C8FEC6511D53708000525A0C /* LaunchScreen.storyboard in Resources */ = {isa = PBXBuildFile; fileRef = C8FEC64F1D53708000525A0C /* LaunchScreen.storyboard */; };
		C8FEC65C1D53708000525A0C /* ChatDemoTests.swift in Sources */ = {isa = PBXBuildFile; fileRef = C8FEC65B1D53708000525A0C /* ChatDemoTests.swift */; };
		C8FEC6671D53708000525A0C /* ChatDemoUITests.swift in Sources */ = {isa = PBXBuildFile; fileRef = C8FEC6661D53708000525A0C /* ChatDemoUITests.swift */; };
		C8FEC6751D537C0C00525A0C /* Contacts.xml in Resources */ = {isa = PBXBuildFile; fileRef = C8FEC6741D537C0C00525A0C /* Contacts.xml */; };
/* End PBXBuildFile section */

/* Begin PBXContainerItemProxy section */
		C8FEC6581D53708000525A0C /* PBXContainerItemProxy */ = {
			isa = PBXContainerItemProxy;
			containerPortal = C8FEC63B1D53707F00525A0C /* Project object */;
			proxyType = 1;
			remoteGlobalIDString = C8FEC6421D53707F00525A0C;
			remoteInfo = ChatDemo;
		};
		C8FEC6631D53708000525A0C /* PBXContainerItemProxy */ = {
			isa = PBXContainerItemProxy;
			containerPortal = C8FEC63B1D53707F00525A0C /* Project object */;
			proxyType = 1;
			remoteGlobalIDString = C8FEC6421D53707F00525A0C;
			remoteInfo = ChatDemo;
		};
/* End PBXContainerItemProxy section */

/* Begin PBXFileReference section */
		C8A587E51DA257FE0071D549 /* CallsVCBase.swift */ = {isa = PBXFileReference; fileEncoding = 4; lastKnownFileType = sourcecode.swift; path = CallsVCBase.swift; sourceTree = "<group>"; };
		C8A587E61DA257FE0071D549 /* CallsVC.swift */ = {isa = PBXFileReference; fileEncoding = 4; lastKnownFileType = sourcecode.swift; path = CallsVC.swift; sourceTree = "<group>"; };
		C8A587E71DA257FE0071D549 /* SettingsVCBase.swift */ = {isa = PBXFileReference; fileEncoding = 4; lastKnownFileType = sourcecode.swift; path = SettingsVCBase.swift; sourceTree = "<group>"; };
		C8A587E81DA257FE0071D549 /* SettingsVC.swift */ = {isa = PBXFileReference; fileEncoding = 4; lastKnownFileType = sourcecode.swift; path = SettingsVC.swift; sourceTree = "<group>"; };
		C8A587ED1DA2586E0071D549 /* VideoVCBase.swift */ = {isa = PBXFileReference; fileEncoding = 4; lastKnownFileType = sourcecode.swift; path = VideoVCBase.swift; sourceTree = "<group>"; };
		C8A587EF1DA258840071D549 /* VideoVC.swift */ = {isa = PBXFileReference; fileEncoding = 4; lastKnownFileType = sourcecode.swift; path = VideoVC.swift; sourceTree = "<group>"; };
		C8A587F11DA2593A0071D549 /* ChatVCBase.swift */ = {isa = PBXFileReference; fileEncoding = 4; lastKnownFileType = sourcecode.swift; path = ChatVCBase.swift; sourceTree = "<group>"; };
		C8A587F31DA259480071D549 /* ChatVC.swift */ = {isa = PBXFileReference; fileEncoding = 4; lastKnownFileType = sourcecode.swift; path = ChatVC.swift; sourceTree = "<group>"; };
		C8A587F51DA259980071D549 /* ContactsVCBase.swift */ = {isa = PBXFileReference; fileEncoding = 4; lastKnownFileType = sourcecode.swift; path = ContactsVCBase.swift; sourceTree = "<group>"; };
		C8A587F71DA259AA0071D549 /* ContactsVC.swift */ = {isa = PBXFileReference; fileEncoding = 4; lastKnownFileType = sourcecode.swift; path = ContactsVC.swift; sourceTree = "<group>"; };
		C8D130621D59EC7900FC9685 /* Settings.png */ = {isa = PBXFileReference; lastKnownFileType = image.png; path = Settings.png; sourceTree = "<group>"; };
		C8D5DDDB1D59F09100582B1E /* images.png */ = {isa = PBXFileReference; lastKnownFileType = image.png; path = images.png; sourceTree = "<group>"; };
		C8D5DDDD1D59F27000582B1E /* Call.png */ = {isa = PBXFileReference; lastKnownFileType = image.png; path = Call.png; sourceTree = "<group>"; };
		C8D5DDE11D59F97B00582B1E /* Chat.png */ = {isa = PBXFileReference; lastKnownFileType = image.png; path = Chat.png; sourceTree = "<group>"; };
		C8D5DDE21D59F97B00582B1E /* Contact.png */ = {isa = PBXFileReference; lastKnownFileType = image.png; path = Contact.png; sourceTree = "<group>"; };
		C8D5DDE31D59F97B00582B1E /* video.png */ = {isa = PBXFileReference; lastKnownFileType = image.png; path = video.png; sourceTree = "<group>"; };
		C8D5DDE71D59F9AD00582B1E /* Setting.png */ = {isa = PBXFileReference; lastKnownFileType = image.png; path = Setting.png; sourceTree = "<group>"; };
		C8FB63A21D59050C009E3AFD /* CellView.swift */ = {isa = PBXFileReference; fileEncoding = 4; lastKnownFileType = sourcecode.swift; path = CellView.swift; sourceTree = "<group>"; };
		C8FEC6431D53708000525A0C /* ChatDemo.app */ = {isa = PBXFileReference; explicitFileType = wrapper.application; includeInIndex = 0; path = ChatDemo.app; sourceTree = BUILT_PRODUCTS_DIR; };
		C8FEC6461D53708000525A0C /* AppDelegate.swift */ = {isa = PBXFileReference; lastKnownFileType = sourcecode.swift; path = AppDelegate.swift; sourceTree = "<group>"; };
		C8FEC6481D53708000525A0C /* ViewController.swift */ = {isa = PBXFileReference; lastKnownFileType = sourcecode.swift; path = ViewController.swift; sourceTree = "<group>"; };
		C8FEC64B1D53708000525A0C /* Base */ = {isa = PBXFileReference; lastKnownFileType = file.storyboard; name = Base; path = Base.lproj/Main.storyboard; sourceTree = "<group>"; };
		C8FEC64D1D53708000525A0C /* Assets.xcassets */ = {isa = PBXFileReference; lastKnownFileType = folder.assetcatalog; path = Assets.xcassets; sourceTree = "<group>"; };
		C8FEC6501D53708000525A0C /* Base */ = {isa = PBXFileReference; lastKnownFileType = file.storyboard; name = Base; path = Base.lproj/LaunchScreen.storyboard; sourceTree = "<group>"; };
		C8FEC6521D53708000525A0C /* Info.plist */ = {isa = PBXFileReference; lastKnownFileType = text.plist.xml; path = Info.plist; sourceTree = "<group>"; };
		C8FEC6571D53708000525A0C /* ChatDemoTests.xctest */ = {isa = PBXFileReference; explicitFileType = wrapper.cfbundle; includeInIndex = 0; path = ChatDemoTests.xctest; sourceTree = BUILT_PRODUCTS_DIR; };
		C8FEC65B1D53708000525A0C /* ChatDemoTests.swift */ = {isa = PBXFileReference; lastKnownFileType = sourcecode.swift; path = ChatDemoTests.swift; sourceTree = "<group>"; };
		C8FEC65D1D53708000525A0C /* Info.plist */ = {isa = PBXFileReference; lastKnownFileType = text.plist.xml; path = Info.plist; sourceTree = "<group>"; };
		C8FEC6621D53708000525A0C /* ChatDemoUITests.xctest */ = {isa = PBXFileReference; explicitFileType = wrapper.cfbundle; includeInIndex = 0; path = ChatDemoUITests.xctest; sourceTree = BUILT_PRODUCTS_DIR; };
		C8FEC6661D53708000525A0C /* ChatDemoUITests.swift */ = {isa = PBXFileReference; lastKnownFileType = sourcecode.swift; path = ChatDemoUITests.swift; sourceTree = "<group>"; };
		C8FEC6681D53708000525A0C /* Info.plist */ = {isa = PBXFileReference; lastKnownFileType = text.plist.xml; path = Info.plist; sourceTree = "<group>"; };
		C8FEC6741D537C0C00525A0C /* Contacts.xml */ = {isa = PBXFileReference; fileEncoding = 4; lastKnownFileType = text.xml; path = Contacts.xml; sourceTree = "<group>"; };
/* End PBXFileReference section */

/* Begin PBXFrameworksBuildPhase section */
		C8FEC6401D53707F00525A0C /* Frameworks */ = {
			isa = PBXFrameworksBuildPhase;
			buildActionMask = 2147483647;
			files = (
			);
			runOnlyForDeploymentPostprocessing = 0;
		};
		C8FEC6541D53708000525A0C /* Frameworks */ = {
			isa = PBXFrameworksBuildPhase;
			buildActionMask = 2147483647;
			files = (
			);
			runOnlyForDeploymentPostprocessing = 0;
		};
		C8FEC65F1D53708000525A0C /* Frameworks */ = {
			isa = PBXFrameworksBuildPhase;
			buildActionMask = 2147483647;
			files = (
			);
			runOnlyForDeploymentPostprocessing = 0;
		};
/* End PBXFrameworksBuildPhase section */

/* Begin PBXGroup section */
		C8FEC63A1D53707F00525A0C = {
			isa = PBXGroup;
			children = (
				C8FEC6451D53708000525A0C /* ChatDemo */,
				C8FEC65A1D53708000525A0C /* ChatDemoTests */,
				C8FEC6651D53708000525A0C /* ChatDemoUITests */,
				C8FEC6441D53708000525A0C /* Products */,
			);
			sourceTree = "<group>";
		};
		C8FEC6441D53708000525A0C /* Products */ = {
			isa = PBXGroup;
			children = (
				C8FEC6431D53708000525A0C /* ChatDemo.app */,
				C8FEC6571D53708000525A0C /* ChatDemoTests.xctest */,
				C8FEC6621D53708000525A0C /* ChatDemoUITests.xctest */,
			);
			name = Products;
			sourceTree = "<group>";
		};
		C8FEC6451D53708000525A0C /* ChatDemo */ = {
			isa = PBXGroup;
			children = (
				C8FEC6461D53708000525A0C /* AppDelegate.swift */,
				C8FEC6481D53708000525A0C /* ViewController.swift */,
				C8A587E51DA257FE0071D549 /* CallsVCBase.swift */,
				C8A587E61DA257FE0071D549 /* CallsVC.swift */,
				C8A587ED1DA2586E0071D549 /* VideoVCBase.swift */,
				C8A587EF1DA258840071D549 /* VideoVC.swift */,
				C8A587F11DA2593A0071D549 /* ChatVCBase.swift */,
				C8A587F31DA259480071D549 /* ChatVC.swift */,
				C8A587F51DA259980071D549 /* ContactsVCBase.swift */,
				C8A587F71DA259AA0071D549 /* ContactsVC.swift */,
				C8A587E71DA257FE0071D549 /* SettingsVCBase.swift */,
				C8A587E81DA257FE0071D549 /* SettingsVC.swift */,
				C8FB63A21D59050C009E3AFD /* CellView.swift */,
				C8FEC64A1D53708000525A0C /* Main.storyboard */,
				C8FEC64D1D53708000525A0C /* Assets.xcassets */,
				C8FEC64F1D53708000525A0C /* LaunchScreen.storyboard */,
				C8FEC6521D53708000525A0C /* Info.plist */,
				C8FEC6741D537C0C00525A0C /* Contacts.xml */,
				C8D5DDE11D59F97B00582B1E /* Chat.png */,
				C8D5DDE21D59F97B00582B1E /* Contact.png */,
				C8D5DDE31D59F97B00582B1E /* video.png */,
				C8D5DDDD1D59F27000582B1E /* Call.png */,
				C8D5DDE71D59F9AD00582B1E /* Setting.png */,
				C8D5DDDB1D59F09100582B1E /* images.png */,
				C8D130621D59EC7900FC9685 /* Settings.png */,
			);
			path = ChatDemo;
			sourceTree = "<group>";
		};
		C8FEC65A1D53708000525A0C /* ChatDemoTests */ = {
			isa = PBXGroup;
			children = (
				C8FEC65B1D53708000525A0C /* ChatDemoTests.swift */,
				C8FEC65D1D53708000525A0C /* Info.plist */,
			);
			path = ChatDemoTests;
			sourceTree = "<group>";
		};
		C8FEC6651D53708000525A0C /* ChatDemoUITests */ = {
			isa = PBXGroup;
			children = (
				C8FEC6661D53708000525A0C /* ChatDemoUITests.swift */,
				C8FEC6681D53708000525A0C /* Info.plist */,
			);
			path = ChatDemoUITests;
			sourceTree = "<group>";
		};
/* End PBXGroup section */

/* Begin PBXNativeTarget section */
		C8FEC6421D53707F00525A0C /* ChatDemo */ = {
			isa = PBXNativeTarget;
			buildConfigurationList = C8FEC66B1D53708000525A0C /* Build configuration list for PBXNativeTarget "ChatDemo" */;
			buildPhases = (
				C8FEC63F1D53707F00525A0C /* Sources */,
				C8FEC6401D53707F00525A0C /* Frameworks */,
				C8FEC6411D53707F00525A0C /* Resources */,
			);
			buildRules = (
			);
			dependencies = (
			);
			name = ChatDemo;
			productName = ChatDemo;
			productReference = C8FEC6431D53708000525A0C /* ChatDemo.app */;
			productType = "com.apple.product-type.application";
		};
		C8FEC6561D53708000525A0C /* ChatDemoTests */ = {
			isa = PBXNativeTarget;
			buildConfigurationList = C8FEC66E1D53708000525A0C /* Build configuration list for PBXNativeTarget "ChatDemoTests" */;
			buildPhases = (
				C8FEC6531D53708000525A0C /* Sources */,
				C8FEC6541D53708000525A0C /* Frameworks */,
				C8FEC6551D53708000525A0C /* Resources */,
			);
			buildRules = (
			);
			dependencies = (
				C8FEC6591D53708000525A0C /* PBXTargetDependency */,
			);
			name = ChatDemoTests;
			productName = ChatDemoTests;
			productReference = C8FEC6571D53708000525A0C /* ChatDemoTests.xctest */;
			productType = "com.apple.product-type.bundle.unit-test";
		};
		C8FEC6611D53708000525A0C /* ChatDemoUITests */ = {
			isa = PBXNativeTarget;
			buildConfigurationList = C8FEC6711D53708000525A0C /* Build configuration list for PBXNativeTarget "ChatDemoUITests" */;
			buildPhases = (
				C8FEC65E1D53708000525A0C /* Sources */,
				C8FEC65F1D53708000525A0C /* Frameworks */,
				C8FEC6601D53708000525A0C /* Resources */,
			);
			buildRules = (
			);
			dependencies = (
				C8FEC6641D53708000525A0C /* PBXTargetDependency */,
			);
			name = ChatDemoUITests;
			productName = ChatDemoUITests;
			productReference = C8FEC6621D53708000525A0C /* ChatDemoUITests.xctest */;
			productType = "com.apple.product-type.bundle.ui-testing";
		};
/* End PBXNativeTarget section */

/* Begin PBXProject section */
		C8FEC63B1D53707F00525A0C /* Project object */ = {
			isa = PBXProject;
			attributes = {
				LastSwiftUpdateCheck = 0730;
				LastUpgradeCheck = 0800;
				ORGANIZATIONNAME = SHUVO;
				TargetAttributes = {
					C8FEC6421D53707F00525A0C = {
						CreatedOnToolsVersion = 7.3.1;
						DevelopmentTeam = LBS8CGX65G;
						LastSwiftMigration = 0800;
					};
					C8FEC6561D53708000525A0C = {
						CreatedOnToolsVersion = 7.3.1;
						DevelopmentTeam = LBS8CGX65G;
						LastSwiftMigration = 0800;
						TestTargetID = C8FEC6421D53707F00525A0C;
					};
					C8FEC6611D53708000525A0C = {
						CreatedOnToolsVersion = 7.3.1;
						DevelopmentTeam = LBS8CGX65G;
						LastSwiftMigration = 0800;
						TestTargetID = C8FEC6421D53707F00525A0C;
					};
				};
			};
			buildConfigurationList = C8FEC63E1D53707F00525A0C /* Build configuration list for PBXProject "ChatDemo" */;
			compatibilityVersion = "Xcode 3.2";
			developmentRegion = English;
			hasScannedForEncodings = 0;
			knownRegions = (
				en,
				Base,
			);
			mainGroup = C8FEC63A1D53707F00525A0C;
			productRefGroup = C8FEC6441D53708000525A0C /* Products */;
			projectDirPath = "";
			projectRoot = "";
			targets = (
				C8FEC6421D53707F00525A0C /* ChatDemo */,
				C8FEC6561D53708000525A0C /* ChatDemoTests */,
				C8FEC6611D53708000525A0C /* ChatDemoUITests */,
			);
		};
/* End PBXProject section */

/* Begin PBXResourcesBuildPhase section */
		C8FEC6411D53707F00525A0C /* Resources */ = {
			isa = PBXResourcesBuildPhase;
			buildActionMask = 2147483647;
			files = (
				C8D5DDE81D59F9AD00582B1E /* Setting.png in Resources */,
				C8D5DDE41D59F97B00582B1E /* Chat.png in Resources */,
				C8FEC6511D53708000525A0C /* LaunchScreen.storyboard in Resources */,
				C8D5DDE51D59F97B00582B1E /* Contact.png in Resources */,
				C8D130641D59EC7900FC9685 /* Settings.png in Resources */,
				C8FEC64E1D53708000525A0C /* Assets.xcassets in Resources */,
				C8D5DDDC1D59F09100582B1E /* images.png in Resources */,
				C8D5DDE61D59F97B00582B1E /* video.png in Resources */,
				C8FEC6751D537C0C00525A0C /* Contacts.xml in Resources */,
				C8FEC64C1D53708000525A0C /* Main.storyboard in Resources */,
				C8D5DDDF1D59F27000582B1E /* Call.png in Resources */,
			);
			runOnlyForDeploymentPostprocessing = 0;
		};
		C8FEC6551D53708000525A0C /* Resources */ = {
			isa = PBXResourcesBuildPhase;
			buildActionMask = 2147483647;
			files = (
			);
			runOnlyForDeploymentPostprocessing = 0;
		};
		C8FEC6601D53708000525A0C /* Resources */ = {
			isa = PBXResourcesBuildPhase;
			buildActionMask = 2147483647;
			files = (
			);
			runOnlyForDeploymentPostprocessing = 0;
		};
/* End PBXResourcesBuildPhase section */

/* Begin PBXSourcesBuildPhase section */
		C8FEC63F1D53707F00525A0C /* Sources */ = {
			isa = PBXSourcesBuildPhase;
			buildActionMask = 2147483647;
			files = (
				C8A587F41DA259480071D549 /* ChatVC.swift in Sources */,
				C8A587EE1DA2586E0071D549 /* VideoVCBase.swift in Sources */,
				C8A587EB1DA257FE0071D549 /* SettingsVCBase.swift in Sources */,
				C8A587F01DA258840071D549 /* VideoVC.swift in Sources */,
				C8A587E91DA257FE0071D549 /* CallsVCBase.swift in Sources */,
				C8A587EC1DA257FE0071D549 /* SettingsVC.swift in Sources */,
				C8A587F21DA2593A0071D549 /* ChatVCBase.swift in Sources */,
				C8FEC6491D53708000525A0C /* ViewController.swift in Sources */,
				C8A587F81DA259AA0071D549 /* ContactsVC.swift in Sources */,
				C8FB63A31D59050C009E3AFD /* CellView.swift in Sources */,
				C8A587F61DA259980071D549 /* ContactsVCBase.swift in Sources */,
				C8A587EA1DA257FE0071D549 /* CallsVC.swift in Sources */,
				C8FEC6471D53708000525A0C /* AppDelegate.swift in Sources */,
			);
			runOnlyForDeploymentPostprocessing = 0;
		};
		C8FEC6531D53708000525A0C /* Sources */ = {
			isa = PBXSourcesBuildPhase;
			buildActionMask = 2147483647;
			files = (
				C8FEC65C1D53708000525A0C /* ChatDemoTests.swift in Sources */,
			);
			runOnlyForDeploymentPostprocessing = 0;
		};
		C8FEC65E1D53708000525A0C /* Sources */ = {
			isa = PBXSourcesBuildPhase;
			buildActionMask = 2147483647;
			files = (
				C8FEC6671D53708000525A0C /* ChatDemoUITests.swift in Sources */,
			);
			runOnlyForDeploymentPostprocessing = 0;
		};
/* End PBXSourcesBuildPhase section */

/* Begin PBXTargetDependency section */
		C8FEC6591D53708000525A0C /* PBXTargetDependency */ = {
			isa = PBXTargetDependency;
			target = C8FEC6421D53707F00525A0C /* ChatDemo */;
			targetProxy = C8FEC6581D53708000525A0C /* PBXContainerItemProxy */;
		};
		C8FEC6641D53708000525A0C /* PBXTargetDependency */ = {
			isa = PBXTargetDependency;
			target = C8FEC6421D53707F00525A0C /* ChatDemo */;
			targetProxy = C8FEC6631D53708000525A0C /* PBXContainerItemProxy */;
		};
/* End PBXTargetDependency section */

/* Begin PBXVariantGroup section */
		C8FEC64A1D53708000525A0C /* Main.storyboard */ = {
			isa = PBXVariantGroup;
			children = (
				C8FEC64B1D53708000525A0C /* Base */,
			);
			name = Main.storyboard;
			sourceTree = "<group>";
		};
		C8FEC64F1D53708000525A0C /* LaunchScreen.storyboard */ = {
			isa = PBXVariantGroup;
			children = (
				C8FEC6501D53708000525A0C /* Base */,
			);
			name = LaunchScreen.storyboard;
			sourceTree = "<group>";
		};
/* End PBXVariantGroup section */

/* Begin XCBuildConfiguration section */
		C8FEC6691D53708000525A0C /* Debug */ = {
			isa = XCBuildConfiguration;
			buildSettings = {
				ALWAYS_SEARCH_USER_PATHS = NO;
				CLANG_ANALYZER_NONNULL = YES;
				CLANG_CXX_LANGUAGE_STANDARD = "gnu++0x";
				CLANG_CXX_LIBRARY = "libc++";
				CLANG_ENABLE_MODULES = YES;
				CLANG_ENABLE_OBJC_ARC = YES;
				CLANG_WARN_BOOL_CONVERSION = YES;
				CLANG_WARN_CONSTANT_CONVERSION = YES;
				CLANG_WARN_DIRECT_OBJC_ISA_USAGE = YES_ERROR;
				CLANG_WARN_EMPTY_BODY = YES;
				CLANG_WARN_ENUM_CONVERSION = YES;
				CLANG_WARN_INFINITE_RECURSION = YES;
				CLANG_WARN_INT_CONVERSION = YES;
				CLANG_WARN_OBJC_ROOT_CLASS = YES_ERROR;
				CLANG_WARN_SUSPICIOUS_MOVE = YES;
				CLANG_WARN_UNREACHABLE_CODE = YES;
				CLANG_WARN__DUPLICATE_METHOD_MATCH = YES;
				"CODE_SIGN_IDENTITY[sdk=iphoneos*]" = "iPhone Developer";
				COPY_PHASE_STRIP = NO;
				DEBUG_INFORMATION_FORMAT = dwarf;
				ENABLE_STRICT_OBJC_MSGSEND = YES;
				ENABLE_TESTABILITY = YES;
				GCC_C_LANGUAGE_STANDARD = gnu99;
				GCC_DYNAMIC_NO_PIC = NO;
				GCC_NO_COMMON_BLOCKS = YES;
				GCC_OPTIMIZATION_LEVEL = 0;
				GCC_PREPROCESSOR_DEFINITIONS = (
					"DEBUG=1",
					"$(inherited)",
				);
				GCC_WARN_64_TO_32_BIT_CONVERSION = YES;
				GCC_WARN_ABOUT_RETURN_TYPE = YES_ERROR;
				GCC_WARN_UNDECLARED_SELECTOR = YES;
				GCC_WARN_UNINITIALIZED_AUTOS = YES_AGGRESSIVE;
				GCC_WARN_UNUSED_FUNCTION = YES;
				GCC_WARN_UNUSED_VARIABLE = YES;
				IPHONEOS_DEPLOYMENT_TARGET = 9.3;
				MTL_ENABLE_DEBUG_INFO = YES;
				ONLY_ACTIVE_ARCH = YES;
				SDKROOT = iphoneos;
				SWIFT_OPTIMIZATION_LEVEL = "-Onone";
				TARGETED_DEVICE_FAMILY = "1,2";
			};
			name = Debug;
		};
		C8FEC66A1D53708000525A0C /* Release */ = {
			isa = XCBuildConfiguration;
			buildSettings = {
				ALWAYS_SEARCH_USER_PATHS = NO;
				CLANG_ANALYZER_NONNULL = YES;
				CLANG_CXX_LANGUAGE_STANDARD = "gnu++0x";
				CLANG_CXX_LIBRARY = "libc++";
				CLANG_ENABLE_MODULES = YES;
				CLANG_ENABLE_OBJC_ARC = YES;
				CLANG_WARN_BOOL_CONVERSION = YES;
				CLANG_WARN_CONSTANT_CONVERSION = YES;
				CLANG_WARN_DIRECT_OBJC_ISA_USAGE = YES_ERROR;
				CLANG_WARN_EMPTY_BODY = YES;
				CLANG_WARN_ENUM_CONVERSION = YES;
				CLANG_WARN_INFINITE_RECURSION = YES;
				CLANG_WARN_INT_CONVERSION = YES;
				CLANG_WARN_OBJC_ROOT_CLASS = YES_ERROR;
				CLANG_WARN_SUSPICIOUS_MOVE = YES;
				CLANG_WARN_UNREACHABLE_CODE = YES;
				CLANG_WARN__DUPLICATE_METHOD_MATCH = YES;
				"CODE_SIGN_IDENTITY[sdk=iphoneos*]" = "iPhone Developer";
				COPY_PHASE_STRIP = NO;
				DEBUG_INFORMATION_FORMAT = "dwarf-with-dsym";
				ENABLE_NS_ASSERTIONS = NO;
				ENABLE_STRICT_OBJC_MSGSEND = YES;
				GCC_C_LANGUAGE_STANDARD = gnu99;
				GCC_NO_COMMON_BLOCKS = YES;
				GCC_WARN_64_TO_32_BIT_CONVERSION = YES;
				GCC_WARN_ABOUT_RETURN_TYPE = YES_ERROR;
				GCC_WARN_UNDECLARED_SELECTOR = YES;
				GCC_WARN_UNINITIALIZED_AUTOS = YES_AGGRESSIVE;
				GCC_WARN_UNUSED_FUNCTION = YES;
				GCC_WARN_UNUSED_VARIABLE = YES;
				IPHONEOS_DEPLOYMENT_TARGET = 9.3;
				MTL_ENABLE_DEBUG_INFO = NO;
				SDKROOT = iphoneos;
				SWIFT_OPTIMIZATION_LEVEL = "-Owholemodule";
				TARGETED_DEVICE_FAMILY = "1,2";
				VALIDATE_PRODUCT = YES;
			};
			name = Release;
		};
		C8FEC66C1D53708000525A0C /* Debug */ = {
			isa = XCBuildConfiguration;
			buildSettings = {
				ASSETCATALOG_COMPILER_APPICON_NAME = AppIcon;
				INFOPLIST_FILE = ChatDemo/Info.plist;
				LD_RUNPATH_SEARCH_PATHS = "$(inherited) @executable_path/Frameworks";
				PRODUCT_BUNDLE_IDENTIFIER = com.shuvo.ChatDemo;
				PRODUCT_NAME = "$(TARGET_NAME)";
				SWIFT_VERSION = 3.0;
			};
			name = Debug;
		};
		C8FEC66D1D53708000525A0C /* Release */ = {
			isa = XCBuildConfiguration;
			buildSettings = {
				ASSETCATALOG_COMPILER_APPICON_NAME = AppIcon;
				INFOPLIST_FILE = ChatDemo/Info.plist;
				LD_RUNPATH_SEARCH_PATHS = "$(inherited) @executable_path/Frameworks";
				PRODUCT_BUNDLE_IDENTIFIER = com.shuvo.ChatDemo;
				PRODUCT_NAME = "$(TARGET_NAME)";
				SWIFT_VERSION = 3.0;
			};
			name = Release;
		};
		C8FEC66F1D53708000525A0C /* Debug */ = {
			isa = XCBuildConfiguration;
			buildSettings = {
				BUNDLE_LOADER = "$(TEST_HOST)";
				INFOPLIST_FILE = ChatDemoTests/Info.plist;
				LD_RUNPATH_SEARCH_PATHS = "$(inherited) @executable_path/Frameworks @loader_path/Frameworks";
				PRODUCT_BUNDLE_IDENTIFIER = com.shuvo.ChatDemoTests;
				PRODUCT_NAME = "$(TARGET_NAME)";
				SWIFT_VERSION = 3.0;
				TEST_HOST = "$(BUILT_PRODUCTS_DIR)/ChatDemo.app/ChatDemo";
			};
			name = Debug;
		};
		C8FEC6701D53708000525A0C /* Release */ = {
			isa = XCBuildConfiguration;
			buildSettings = {
				BUNDLE_LOADER = "$(TEST_HOST)";
				INFOPLIST_FILE = ChatDemoTests/Info.plist;
				LD_RUNPATH_SEARCH_PATHS = "$(inherited) @executable_path/Frameworks @loader_path/Frameworks";
				PRODUCT_BUNDLE_IDENTIFIER = com.shuvo.ChatDemoTests;
				PRODUCT_NAME = "$(TARGET_NAME)";
				SWIFT_VERSION = 3.0;
				TEST_HOST = "$(BUILT_PRODUCTS_DIR)/ChatDemo.app/ChatDemo";
			};
			name = Release;
		};
		C8FEC6721D53708000525A0C /* Debug */ = {
			isa = XCBuildConfiguration;
			buildSettings = {
				INFOPLIST_FILE = ChatDemoUITests/Info.plist;
				LD_RUNPATH_SEARCH_PATHS = "$(inherited) @executable_path/Frameworks @loader_path/Frameworks";
				PRODUCT_BUNDLE_IDENTIFIER = com.shuvo.ChatDemoUITests;
				PRODUCT_NAME = "$(TARGET_NAME)";
				SWIFT_VERSION = 3.0;
				TEST_TARGET_NAME = ChatDemo;
			};
			name = Debug;
		};
		C8FEC6731D53708000525A0C /* Release */ = {
			isa = XCBuildConfiguration;
			buildSettings = {
				INFOPLIST_FILE = ChatDemoUITests/Info.plist;
				LD_RUNPATH_SEARCH_PATHS = "$(inherited) @executable_path/Frameworks @loader_path/Frameworks";
				PRODUCT_BUNDLE_IDENTIFIER = com.shuvo.ChatDemoUITests;
				PRODUCT_NAME = "$(TARGET_NAME)";
				SWIFT_VERSION = 3.0;
				TEST_TARGET_NAME = ChatDemo;
			};
			name = Release;
		};
/* End XCBuildConfiguration section */

/* Begin XCConfigurationList section */
		C8FEC63E1D53707F00525A0C /* Build configuration list for PBXProject "ChatDemo" */ = {
			isa = XCConfigurationList;
			buildConfigurations = (
				C8FEC6691D53708000525A0C /* Debug */,
				C8FEC66A1D53708000525A0C /* Release */,
			);
			defaultConfigurationIsVisible = 0;
			defaultConfigurationName = Release;
		};
		C8FEC66B1D53708000525A0C /* Build configuration list for PBXNativeTarget "ChatDemo" */ = {
			isa = XCConfigurationList;
			buildConfigurations = (
				C8FEC66C1D53708000525A0C /* Debug */,
				C8FEC66D1D53708000525A0C /* Release */,
			);
			defaultConfigurationIsVisible = 0;
			defaultConfigurationName = Release;
		};
		C8FEC66E1D53708000525A0C /* Build configuration list for PBXNativeTarget "ChatDemoTests" */ = {
			isa = XCConfigurationList;
			buildConfigurations = (
				C8FEC66F1D53708000525A0C /* Debug */,
				C8FEC6701D53708000525A0C /* Release */,
			);
			defaultConfigurationIsVisible = 0;
			defaultConfigurationName = Release;
		};
		C8FEC6711D53708000525A0C /* Build configuration list for PBXNativeTarget "ChatDemoUITests" */ = {
			isa = XCConfigurationList;
			buildConfigurations = (
				C8FEC6721D53708000525A0C /* Debug */,
				C8FEC6731D53708000525A0C /* Release */,
			);
			defaultConfigurationIsVisible = 0;
			defaultConfigurationName = Release;
		};
/* End XCConfigurationList section */
	};
	rootObject = C8FEC63B1D53707F00525A0C /* Project object */;
}
